
Microsoft Visual Studio Solution File, Format Version 12.00
# Visual Studio Version 17
VisualStudioVersion = 17.7.34018.315
MinimumVisualStudioVersion = 10.0.40219.1
Project("{FAE04EC0-301F-11D3-BF4B-00C04F79EFBC}") = "BooStoreApp", "BooStoreApp.csproj", "{CF804AFC-3855-4DEC-A36B-CAD1D8DB2B89}"
EndProject
Global
	GlobalSection(SolutionConfigurationPlatforms) = preSolution
		Debug|Any CPU = Debug|Any CPU
		Release|Any CPU = Release|Any CPU
	EndGlobalSection
	GlobalSection(ProjectConfigurationPlatforms) = postSolution
		{CF804AFC-3855-4DEC-A36B-CAD1D8DB2B89}.Debug|Any CPU.ActiveCfg = Debug|Any CPU
		{CF804AFC-3855-4DEC-A36B-CAD1D8DB2B89}.Debug|Any CPU.Build.0 = Debug|Any CPU
		{CF804AFC-3855-4DEC-A36B-CAD1D8DB2B89}.Release|Any CPU.ActiveCfg = Release|Any CPU
		{CF804AFC-3855-4DEC-A36B-CAD1D8DB2B89}.Release|Any CPU.Build.0 = Release|Any CPU
	EndGlobalSection
	GlobalSection(SolutionProperties) = preSolution
		HideSolutionNode = FALSE
	EndGlobalSection
	GlobalSection(ExtensibilityGlobals) = postSolution
		SolutionGuid = {0E0E7013-0AF9-40C2-9E73-F33EA32886A8}
	EndGlobalSection
EndGlobal
